
Microsoft Visual Studio Solution File, Format Version 12.00
# Visual Studio Version 16
VisualStudioVersion = 16.0.29709.97
MinimumVisualStudioVersion = 10.0.40219.1
Project("{FAE04EC0-301F-11D3-BF4B-00C04F79EFBC}") = "HomeworkList", "HomeworkList\HomeworkList.csproj", "{AEC52FFA-CDBC-444B-8C4D-8368DF388204}"
EndProject
Global
	GlobalSection(SolutionConfigurationPlatforms) = preSolution
		Debug|Any CPU = Debug|Any CPU
		Release|Any CPU = Release|Any CPU
	EndGlobalSection
	GlobalSection(ProjectConfigurationPlatforms) = postSolution
		{AEC52FFA-CDBC-444B-8C4D-8368DF388204}.Debug|Any CPU.ActiveCfg = Debug|Any CPU
		{AEC52FFA-CDBC-444B-8C4D-8368DF388204}.Debug|Any CPU.Build.0 = Debug|Any CPU
		{AEC52FFA-CDBC-444B-8C4D-8368DF388204}.Release|Any CPU.ActiveCfg = Release|Any CPU
		{AEC52FFA-CDBC-444B-8C4D-8368DF388204}.Release|Any CPU.Build.0 = Release|Any CPU
	EndGlobalSection
	GlobalSection(SolutionProperties) = preSolution
		HideSolutionNode = FALSE
	EndGlobalSection
	GlobalSection(ExtensibilityGlobals) = postSolution
		SolutionGuid = {0AD4A5C4-75D8-466F-B000-EA08FA0B4BD5}
	EndGlobalSection
EndGlobal
